{
  "pins" : [
    {
      "identity" : "militarysymbologyassets",
      "kind" : "remoteSourceControl",
      "location" : "https://github.com/EugeneKuropatenko/MilitarySymbologyAssets",
      "state" : {
        "branch" : "main",
        "revision" : "3de3a9015cd09e9174d01b178b4dced8ab71f2a4"
      }
    },
    {
      "identity" : "militarysymbologykit",
      "kind" : "remoteSourceControl",
      "location" : "https://github.com/EugeneKuropatenko/MilitarySymbologyKit",
      "state" : {
        "branch" : "main",
        "revision" : "d92f245b8f4835082297188ab9597a466f6cc6de"
      }
    }
  ],
  "version" : 2
}
